<?xml version="1.0" encoding="utf-8"?>
<Project ToolsVersion="4.0" xmlns="http://schemas.microsoft.com/developer/msbuild/2003">
  <ItemGroup>
    <ClCompile Include="pch.cpp" />
    <ClCompile Include="world.cpp" />
    <ClCompile Include="setting_world.cpp" />
    <ClCompile Include="server_world.cpp" />
    <ClCompile Include="data_manager.cpp">
      <Filter>data</Filter>
    </ClCompile>
    <ClCompile Include="session_game.cpp">
      <Filter>network\session</Filter>
    </ClCompile>
    <ClCompile Include="acceptor_game.cpp">
      <Filter>network\acceptor</Filter>
    </ClCompile>
    <ClCompile Include="acceptor_community.cpp">
      <Filter>network\acceptor</Filter>
    </ClCompile>
    <ClCompile Include="session_community.cpp">
      <Filter>network\session</Filter>
    </ClCompile>
    <ClCompile Include="connector_global.cpp">
      <Filter>network\connector</Filter>
    </ClCompile>
    <ClCompile Include="session_global.cpp">
      <Filter>network\session</Filter>
    </ClCompile>
    <ClCompile Include="proc_game.cpp">
      <Filter>proc</Filter>
    </ClCompile>
    <ClCompile Include="proc_community.cpp">
      <Filter>proc</Filter>
    </ClCompile>
    <ClCompile Include="proc_global.cpp">
      <Filter>proc</Filter>
    </ClCompile>
    <ClCompile Include="session_dbagent.cpp">
      <Filter>network\session</Filter>
    </ClCompile>
    <ClCompile Include="proc_dbagent.cpp">
      <Filter>proc</Filter>
    </ClCompile>
    <ClCompile Include="connector_dbagent.cpp">
      <Filter>network\connector</Filter>
    </ClCompile>
  </ItemGroup>
  <ItemGroup>
    <ClInclude Include="pch.h" />
    <ClInclude Include="world_header.h">
      <Filter>include</Filter>
    </ClInclude>
    <ClInclude Include="setting_world.h" />
    <ClInclude Include="config_world.h" />
    <ClInclude Include="server_world.h" />
    <ClInclude Include="data_manager.h">
      <Filter>data</Filter>
    </ClInclude>
    <ClInclude Include="session_game.h">
      <Filter>network\session</Filter>
    </ClInclude>
    <ClInclude Include="acceptor_game.h">
      <Filter>network\acceptor</Filter>
    </ClInclude>
    <ClInclude Include="acceptor_community.h">
      <Filter>network\acceptor</Filter>
    </ClInclude>
    <ClInclude Include="session_community.h">
      <Filter>network\session</Filter>
    </ClInclude>
    <ClInclude Include="connector_global.h">
      <Filter>network\connector</Filter>
    </ClInclude>
    <ClInclude Include="session_global.h">
      <Filter>network\session</Filter>
    </ClInclude>
    <ClInclude Include="session_dbagent.h">
      <Filter>network\session</Filter>
    </ClInclude>
    <ClInclude Include="connector_dbagent.h">
      <Filter>network\connector</Filter>
    </ClInclude>
  </ItemGroup>
  <ItemGroup>
    <Filter Include="include">
      <UniqueIdentifier>{e6c11794-9e74-40df-a543-a2ac9b128760}</UniqueIdentifier>
    </Filter>
    <Filter Include="network">
      <UniqueIdentifier>{0ce3b029-7321-4fe9-9fbf-1f272ff1194d}</UniqueIdentifier>
    </Filter>
    <Filter Include="network\acceptor">
      <UniqueIdentifier>{31c7573a-9ba7-45ba-8937-432a52da0427}</UniqueIdentifier>
    </Filter>
    <Filter Include="network\connector">
      <UniqueIdentifier>{0b2dc8a3-3247-49da-8f33-18f729eb5bc6}</UniqueIdentifier>
    </Filter>
    <Filter Include="data">
      <UniqueIdentifier>{e7876ab6-4024-4093-b475-c3a1811900e8}</UniqueIdentifier>
    </Filter>
    <Filter Include="network\session">
      <UniqueIdentifier>{c95d4abe-01b6-4679-a9b6-60adef80b1f6}</UniqueIdentifier>
    </Filter>
    <Filter Include="proc">
      <UniqueIdentifier>{526e770a-e2cf-4944-84a9-f4e60877c2e6}</UniqueIdentifier>
    </Filter>
  </ItemGroup>
</Project>