<?xml version="1.0" encoding="utf-8"?>
<Project ToolsVersion="4.0" xmlns="http://schemas.microsoft.com/developer/msbuild/2003">
  <ItemGroup>
    <Filter Include="Common">
      <UniqueIdentifier>{bf5149b2-bf97-4c7e-84f4-8aca7158b2f2}</UniqueIdentifier>
    </Filter>
    <Filter Include="Protocol">
      <UniqueIdentifier>{e762e041-5ece-44cf-be79-2e25407197ac}</UniqueIdentifier>
    </Filter>
    <Filter Include="Network">
      <UniqueIdentifier>{9d0a6946-9889-49f0-94c0-cd87536126c9}</UniqueIdentifier>
    </Filter>
    <Filter Include="Database">
      <UniqueIdentifier>{d060be57-2107-4883-9a30-27d66dd4d1eb}</UniqueIdentifier>
    </Filter>
    <Filter Include="Database\Redis">
      <UniqueIdentifier>{d11db411-2f89-4f95-acf0-d20a06d69cf9}</UniqueIdentifier>
    </Filter>
    <Filter Include="Database\Maria">
      <UniqueIdentifier>{d764150b-a611-43fe-85b5-c70ca93485a3}</UniqueIdentifier>
    </Filter>
    <Filter Include="Log">
      <UniqueIdentifier>{97ab37fd-4134-4a42-9d50-8c82082550d3}</UniqueIdentifier>
    </Filter>
    <Filter Include="Lock">
      <UniqueIdentifier>{824c68d8-8ccf-484c-90ad-71e769a3f6ec}</UniqueIdentifier>
    </Filter>
    <Filter Include="Memory">
      <UniqueIdentifier>{69695e4a-62d6-44c5-8e51-1f2202130e27}</UniqueIdentifier>
    </Filter>
    <Filter Include="Pattern">
      <UniqueIdentifier>{31622f4a-2c1d-4735-a652-5016859edd23}</UniqueIdentifier>
    </Filter>
    <Filter Include="Physical">
      <UniqueIdentifier>{1b144b70-2aa6-49b0-8115-706199e7a26a}</UniqueIdentifier>
    </Filter>
    <Filter Include="String">
      <UniqueIdentifier>{3d1c5831-c560-476c-be48-3b57ab9d8e4c}</UniqueIdentifier>
    </Filter>
    <Filter Include="Thread">
      <UniqueIdentifier>{05314e0f-9f2f-410d-9b3d-fdc017c95630}</UniqueIdentifier>
    </Filter>
    <Filter Include="Utility">
      <UniqueIdentifier>{07582d79-8359-4b69-b661-e4d062814fc2}</UniqueIdentifier>
    </Filter>
    <Filter Include="Network\Socket">
      <UniqueIdentifier>{94b68653-509f-49fe-8051-8c25dda24fd6}</UniqueIdentifier>
    </Filter>
    <Filter Include="Network\Socket\Tcp">
      <UniqueIdentifier>{f6488aa8-2a61-42ac-a0ea-73f5cc65fe43}</UniqueIdentifier>
    </Filter>
    <Filter Include="Network\Socket\Udp">
      <UniqueIdentifier>{c4f849a4-6585-4555-b1b2-97933a8b6ce0}</UniqueIdentifier>
    </Filter>
    <Filter Include="Network\Iocp">
      <UniqueIdentifier>{2bdebb1a-7d84-4082-b850-f2d008b2a9ca}</UniqueIdentifier>
    </Filter>
    <Filter Include="DateTime">
      <UniqueIdentifier>{1b04cefd-6786-4365-9262-de6eb71faa61}</UniqueIdentifier>
    </Filter>
    <Filter Include="Database\Mysql">
      <UniqueIdentifier>{9a77b687-0af3-44a1-b176-cfe8cf1f84f8}</UniqueIdentifier>
    </Filter>
    <Filter Include="Database\Mssql">
      <UniqueIdentifier>{f4b5c437-32df-4904-84be-3a69f7bc4a5b}</UniqueIdentifier>
    </Filter>
    <Filter Include="Utility\Buffer">
      <UniqueIdentifier>{9b17fb14-ee92-4d7f-be7c-a762f273d82d}</UniqueIdentifier>
    </Filter>
  </ItemGroup>
  <ItemGroup>
    <ClInclude Include="pch.h" />
    <ClInclude Include="Glog.h">
      <Filter>Log</Filter>
    </ClInclude>
    <ClInclude Include="..\libs\glog\include\glog\logging.h">
      <Filter>Log</Filter>
    </ClInclude>
    <ClInclude Include="LogObject.h">
      <Filter>Log</Filter>
    </ClInclude>
    <ClInclude Include="MariaDBClient.h">
      <Filter>Database\Maria</Filter>
    </ClInclude>
    <ClInclude Include="Observer.hpp">
      <Filter>Pattern</Filter>
    </ClInclude>
    <ClInclude Include="ISocket.h">
      <Filter>Network\Socket</Filter>
    </ClInclude>
    <ClInclude Include="Lock.h">
      <Filter>Lock</Filter>
    </ClInclude>
    <ClInclude Include="TcpSocket.h">
      <Filter>Network\Socket\Tcp</Filter>
    </ClInclude>
    <ClInclude Include="IOCompletionPort.h">
      <Filter>Network\Iocp</Filter>
    </ClInclude>
    <ClInclude Include="Vector3.hpp">
      <Filter>Physical</Filter>
    </ClInclude>
    <ClInclude Include="Vector2.hpp">
      <Filter>Physical</Filter>
    </ClInclude>
    <ClInclude Include="DateTime.hpp">
      <Filter>DateTime</Filter>
    </ClInclude>
    <ClInclude Include="Common_Macro.h">
      <Filter>Common</Filter>
    </ClInclude>
    <ClInclude Include="RingBuffer.h">
      <Filter>Utility\Buffer</Filter>
    </ClInclude>
    <ClInclude Include="Singleton.hpp">
      <Filter>Pattern</Filter>
    </ClInclude>
    <ClInclude Include="Buffer.h">
      <Filter>Utility\Buffer</Filter>
    </ClInclude>
    <ClInclude Include="IBuffer.h">
      <Filter>Utility\Buffer</Filter>
    </ClInclude>
    <ClInclude Include="Random.hpp">
      <Filter>Utility</Filter>
    </ClInclude>
    <ClInclude Include="Packet.hpp">
      <Filter>Utility</Filter>
    </ClInclude>
    <ClInclude Include="StringSupport.h">
      <Filter>String</Filter>
    </ClInclude>
    <ClInclude Include="String.hpp">
      <Filter>String</Filter>
    </ClInclude>
    <ClInclude Include="T3IocpQueue.h">
      <Filter>Utility</Filter>
    </ClInclude>
    <ClInclude Include="MiniDump.h">
      <Filter>Utility</Filter>
    </ClInclude>
    <ClInclude Include="MultiIndex.h">
      <Filter>Utility</Filter>
    </ClInclude>
    <ClInclude Include="ObjectPool.h">
      <Filter>Utility</Filter>
    </ClInclude>
    <ClInclude Include="RapidJson.h">
      <Filter>Utility</Filter>
    </ClInclude>
    <ClInclude Include="SafetyQueue.h">
      <Filter>Utility</Filter>
    </ClInclude>
    <ClInclude Include="TaskQueue.h">
      <Filter>Utility</Filter>
    </ClInclude>
    <ClInclude Include="TaskThreadPool.hpp">
      <Filter>Thread</Filter>
    </ClInclude>
    <ClInclude Include="IOEvent.hpp">
      <Filter>Network\Iocp</Filter>
    </ClInclude>
    <ClInclude Include="SwapQueue.hpp">
      <Filter>Utility</Filter>
    </ClInclude>
    <ClInclude Include="NetService.hpp">
      <Filter>Network</Filter>
    </ClInclude>
    <ClInclude Include="NetHeader.h">
      <Filter>Network</Filter>
    </ClInclude>
    <ClInclude Include="ThreadPool.hpp">
      <Filter>Thread</Filter>
    </ClInclude>
    <ClInclude Include="Thread.hpp">
      <Filter>Thread</Filter>
    </ClInclude>
  </ItemGroup>
  <ItemGroup>
    <ClCompile Include="pch.cpp" />
    <ClCompile Include="MariaDBClient.cpp">
      <Filter>Database\Maria</Filter>
    </ClCompile>
    <ClCompile Include="TcpSocket.cpp">
      <Filter>Network\Socket\Tcp</Filter>
    </ClCompile>
    <ClCompile Include="IOCompletionPort.cpp">
      <Filter>Network\Iocp</Filter>
    </ClCompile>
    <ClCompile Include="ISocket.cpp">
      <Filter>Network\Socket</Filter>
    </ClCompile>
    <ClCompile Include="RingBuffer.cpp">
      <Filter>Utility\Buffer</Filter>
    </ClCompile>
    <ClCompile Include="Buffer.cpp">
      <Filter>Utility\Buffer</Filter>
    </ClCompile>
    <ClCompile Include="StringSupport.cpp">
      <Filter>String</Filter>
    </ClCompile>
    <ClCompile Include="RapidJson.cpp">
      <Filter>Utility</Filter>
    </ClCompile>
  </ItemGroup>
</Project>