<?xml version="1.0" encoding="utf-8"?>
<Project ToolsVersion="4.0" xmlns="http://schemas.microsoft.com/developer/msbuild/2003">
  <ItemGroup>
    <ClInclude Include="pch.h" />
    <ClInclude Include="utility.h">
      <Filter>utility</Filter>
    </ClInclude>
    <ClInclude Include="io_buffer.h">
      <Filter>utility</Filter>
    </ClInclude>
    <ClInclude Include="common_type.h">
      <Filter>include</Filter>
    </ClInclude>
    <ClInclude Include="common_struct.h">
      <Filter>include</Filter>
    </ClInclude>
    <ClInclude Include="common_header.h">
      <Filter>include</Filter>
    </ClInclude>
    <ClInclude Include="manager_base.hpp" />
    <ClInclude Include="FlatBuffer.h">
      <Filter>flatbuffer</Filter>
    </ClInclude>
    <ClInclude Include="net_actor.h">
      <Filter>network\actor</Filter>
    </ClInclude>
    <ClInclude Include="job_handler.h">
      <Filter>handler\job_handler</Filter>
    </ClInclude>
    <ClInclude Include="net_handler.h">
      <Filter>handler\net_handler</Filter>
    </ClInclude>
    <ClInclude Include="packet.h" />
    <ClInclude Include="config_base.h" />
    <ClInclude Include="data_table.h">
      <Filter>datatable</Filter>
    </ClInclude>
    <ClInclude Include="community_member_base.h">
      <Filter>system\community</Filter>
    </ClInclude>
    <ClInclude Include="community_base.h">
      <Filter>system\community</Filter>
    </ClInclude>
    <ClInclude Include="ranking_manager.h">
      <Filter>system\ranking</Filter>
    </ClInclude>
    <ClInclude Include="event_timer.h">
      <Filter>utility</Filter>
    </ClInclude>
    <ClInclude Include="data_struct.h">
      <Filter>datatable</Filter>
    </ClInclude>
    <ClInclude Include="json_saver.h">
      <Filter>utility</Filter>
    </ClInclude>
    <ClInclude Include="common_const.h">
      <Filter>include</Filter>
    </ClInclude>
    <ClInclude Include="command_line.h" />
    <ClInclude Include="thread_manager.h">
      <Filter>handler\job_handler\thread</Filter>
    </ClInclude>
    <ClInclude Include="connector_base.h">
      <Filter>network\actor</Filter>
    </ClInclude>
    <ClInclude Include="acceptor_base.h">
      <Filter>network\actor</Filter>
    </ClInclude>
    <ClInclude Include="thread_base.h">
      <Filter>handler\job_handler\thread</Filter>
    </ClInclude>
    <ClInclude Include="iocp_handler.h">
      <Filter>handler\net_handler\iocp</Filter>
    </ClInclude>
    <ClInclude Include="inventory_base.h">
      <Filter>system\Inventory</Filter>
    </ClInclude>
    <ClInclude Include="item_container_base.hpp">
      <Filter>system\Inventory</Filter>
    </ClInclude>
    <ClInclude Include="inventory_owner.h">
      <Filter>system\Inventory</Filter>
    </ClInclude>
    <ClInclude Include="item_object_base.h">
      <Filter>system\Item</Filter>
    </ClInclude>
    <ClInclude Include="item_property.h">
      <Filter>system\Item</Filter>
    </ClInclude>
    <ClInclude Include="item_manager.h">
      <Filter>system\Item</Filter>
    </ClInclude>
    <ClInclude Include="Flatbuffer\ServerToGlobalTable_generated.h">
      <Filter>flatbuffer\output</Filter>
    </ClInclude>
    <ClInclude Include="Flatbuffer\ServerToWorldPid_generated.h">
      <Filter>flatbuffer\output</Filter>
    </ClInclude>
    <ClInclude Include="Flatbuffer\ServerToWorldTable_generated.h">
      <Filter>flatbuffer\output</Filter>
    </ClInclude>
    <ClInclude Include="Flatbuffer\Version_generated.h">
      <Filter>flatbuffer\output</Filter>
    </ClInclude>
    <ClInclude Include="Flatbuffer\ClientToServerPid_generated.h">
      <Filter>flatbuffer\output</Filter>
    </ClInclude>
    <ClInclude Include="Flatbuffer\ClientToServerTable_generated.h">
      <Filter>flatbuffer\output</Filter>
    </ClInclude>
    <ClInclude Include="Flatbuffer\CommonEnum_generated.h">
      <Filter>flatbuffer\output</Filter>
    </ClInclude>
    <ClInclude Include="Flatbuffer\CommonTable_generated.h">
      <Filter>flatbuffer\output</Filter>
    </ClInclude>
    <ClInclude Include="Flatbuffer\ResultType_generated.h">
      <Filter>flatbuffer\output</Filter>
    </ClInclude>
    <ClInclude Include="Flatbuffer\ServerToCommunityPid_generated.h">
      <Filter>flatbuffer\output</Filter>
    </ClInclude>
    <ClInclude Include="Flatbuffer\ServerToCommunityTable_generated.h">
      <Filter>flatbuffer\output</Filter>
    </ClInclude>
    <ClInclude Include="Flatbuffer\ServerToDBAgentPid_generated.h">
      <Filter>flatbuffer\output</Filter>
    </ClInclude>
    <ClInclude Include="Flatbuffer\ServerToDBAgentTable_generated.h">
      <Filter>flatbuffer\output</Filter>
    </ClInclude>
    <ClInclude Include="Flatbuffer\ServerToGlobalPid_generated.h">
      <Filter>flatbuffer\output</Filter>
    </ClInclude>
    <ClInclude Include="content_db_save.h">
      <Filter>system</Filter>
    </ClInclude>
    <ClInclude Include="server_base.h">
      <Filter>network\server</Filter>
    </ClInclude>
    <ClInclude Include="tcp_server.h">
      <Filter>network\server</Filter>
    </ClInclude>
    <ClInclude Include="session_base.h">
      <Filter>network\session</Filter>
    </ClInclude>
    <ClInclude Include="tcp_session.h">
      <Filter>network\session</Filter>
    </ClInclude>
  </ItemGroup>
  <ItemGroup>
    <Filter Include="include">
      <UniqueIdentifier>{b3120a40-d77f-4cd4-a9b0-3f8b43b8620f}</UniqueIdentifier>
    </Filter>
    <Filter Include="utility">
      <UniqueIdentifier>{c9c74c59-0be8-4d2f-b065-208b60747e52}</UniqueIdentifier>
    </Filter>
    <Filter Include="handler">
      <UniqueIdentifier>{a5326bd2-7483-4c59-82f9-2bfa9041d2ee}</UniqueIdentifier>
    </Filter>
    <Filter Include="flatbuffer">
      <UniqueIdentifier>{217b9f2b-ca43-463c-9dfd-7a027dc046dd}</UniqueIdentifier>
    </Filter>
    <Filter Include="datatable">
      <UniqueIdentifier>{6851bd29-38fb-4db3-8ba4-4281c94dfba4}</UniqueIdentifier>
    </Filter>
    <Filter Include="network">
      <UniqueIdentifier>{d5d0ae15-3a22-43eb-81ec-99b4501d55b1}</UniqueIdentifier>
    </Filter>
    <Filter Include="network\actor">
      <UniqueIdentifier>{d6233ea3-231a-4d33-9203-1c8aecdb0f6d}</UniqueIdentifier>
    </Filter>
    <Filter Include="system">
      <UniqueIdentifier>{1734b395-6e27-4dd3-ad01-b4dfc4c9dfd4}</UniqueIdentifier>
    </Filter>
    <Filter Include="system\Item">
      <UniqueIdentifier>{04515608-783e-4380-b6b9-ef273d2bf3a8}</UniqueIdentifier>
    </Filter>
    <Filter Include="system\Inventory">
      <UniqueIdentifier>{896e0a5e-a358-4e2c-a0d7-9c87a9f9f5cf}</UniqueIdentifier>
    </Filter>
    <Filter Include="system\ranking">
      <UniqueIdentifier>{53ee5708-28b3-4cda-8c42-43acb7b2be9b}</UniqueIdentifier>
    </Filter>
    <Filter Include="handler\net_handler">
      <UniqueIdentifier>{2aca54c5-c133-4992-952c-e8a087f98dfe}</UniqueIdentifier>
    </Filter>
    <Filter Include="handler\net_handler\iocp">
      <UniqueIdentifier>{0b4d6033-8ed6-493f-b421-2d1ff021fca4}</UniqueIdentifier>
    </Filter>
    <Filter Include="handler\job_handler">
      <UniqueIdentifier>{23e9ca6a-d3aa-4d6b-9960-a3c743c0167a}</UniqueIdentifier>
    </Filter>
    <Filter Include="handler\job_handler\thread">
      <UniqueIdentifier>{a469e04d-1f9c-438c-9696-33c088e0da6c}</UniqueIdentifier>
    </Filter>
    <Filter Include="flatbuffer\output">
      <UniqueIdentifier>{96015d67-eb30-4ef3-9156-717ac6305b2a}</UniqueIdentifier>
    </Filter>
    <Filter Include="system\community">
      <UniqueIdentifier>{c226c382-93a6-4e88-bd4f-20503cf24af0}</UniqueIdentifier>
    </Filter>
    <Filter Include="network\session">
      <UniqueIdentifier>{344465af-e204-481b-a8ed-debc92cb11f4}</UniqueIdentifier>
    </Filter>
    <Filter Include="network\server">
      <UniqueIdentifier>{3ccb663b-cb23-4b9e-8f9d-d0bb157f7ea3}</UniqueIdentifier>
    </Filter>
    <Filter Include="network\client">
      <UniqueIdentifier>{ea836dee-1f27-4926-bd35-3026aeacccda}</UniqueIdentifier>
    </Filter>
  </ItemGroup>
  <ItemGroup>
    <ClCompile Include="pch.cpp" />
    <ClCompile Include="utility.cpp">
      <Filter>utility</Filter>
    </ClCompile>
    <ClCompile Include="io_buffer.cpp">
      <Filter>utility</Filter>
    </ClCompile>
    <ClCompile Include="config_base.cpp" />
    <ClCompile Include="data_table.cpp">
      <Filter>datatable</Filter>
    </ClCompile>
    <ClCompile Include="ranking_manager.cpp">
      <Filter>system\ranking</Filter>
    </ClCompile>
    <ClCompile Include="event_timer.cpp">
      <Filter>utility</Filter>
    </ClCompile>
    <ClCompile Include="packet.cpp" />
    <ClCompile Include="json_saver.cpp">
      <Filter>utility</Filter>
    </ClCompile>
    <ClCompile Include="job_handler.cpp">
      <Filter>handler\job_handler</Filter>
    </ClCompile>
    <ClCompile Include="thread_manager.cpp">
      <Filter>handler\job_handler\thread</Filter>
    </ClCompile>
    <ClCompile Include="connector_base.cpp">
      <Filter>network\actor</Filter>
    </ClCompile>
    <ClCompile Include="acceptor_base.cpp">
      <Filter>network\actor</Filter>
    </ClCompile>
    <ClCompile Include="thread_base.cpp">
      <Filter>handler\job_handler\thread</Filter>
    </ClCompile>
    <ClCompile Include="iocp_handler.cpp">
      <Filter>handler\net_handler\iocp</Filter>
    </ClCompile>
    <ClCompile Include="item_property.cpp">
      <Filter>system\Item</Filter>
    </ClCompile>
    <ClCompile Include="server_base.cpp">
      <Filter>network\server</Filter>
    </ClCompile>
    <ClCompile Include="tcp_server.cpp">
      <Filter>network\server</Filter>
    </ClCompile>
    <ClCompile Include="session_base.cpp">
      <Filter>network\session</Filter>
    </ClCompile>
    <ClCompile Include="tcp_session.cpp">
      <Filter>network\session</Filter>
    </ClCompile>
  </ItemGroup>
</Project>