<?xml version="1.0" encoding="utf-8"?>
<Project ToolsVersion="4.0" xmlns="http://schemas.microsoft.com/developer/msbuild/2003">
  <ItemGroup>
    <ClCompile Include="string.cpp" />
    <ClCompile Include="util.cpp" />
    <ClCompile Include="include\ring_buffer.ixx" />
    <ClCompile Include="include\string.ixx" />
    <ClCompile Include="include\util.ixx" />
    <ClCompile Include="include\brain_tree.ixx" />
    <ClCompile Include="include\command_line.ixx" />
    <ClCompile Include="include\convert.ixx" />
    <ClCompile Include="include\ahocorasick.ixx">
      <Filter>algorithm</Filter>
    </ClCompile>
    <ClCompile Include="ahocorasick.cpp">
      <Filter>algorithm</Filter>
    </ClCompile>
    <ClCompile Include="include\observer.ixx">
      <Filter>pattern</Filter>
    </ClCompile>
  </ItemGroup>
  <ItemGroup>
    <Filter Include="algorithm">
      <UniqueIdentifier>{c9f54a1b-e439-4eb2-9f48-d9b4cfb37b3c}</UniqueIdentifier>
    </Filter>
    <Filter Include="pattern">
      <UniqueIdentifier>{1033f836-2bb6-4799-b09d-7d87dbe547b5}</UniqueIdentifier>
    </Filter>
  </ItemGroup>
</Project>