<?xml version="1.0" encoding="utf-8"?>
<Project ToolsVersion="4.0" xmlns="http://schemas.microsoft.com/developer/msbuild/2003">
  <ItemGroup>
    <ClCompile Include="include\util.ixx" />
    <ClCompile Include="include\brain_tree.ixx" />
    <ClCompile Include="include\command_line.ixx" />
    <ClCompile Include="include\convert.ixx" />
    <ClCompile Include="include\ahocorasick.ixx">
      <Filter>algorithm</Filter>
    </ClCompile>
    <ClCompile Include="include\observer.ixx">
      <Filter>pattern</Filter>
    </ClCompile>
    <ClCompile Include="include\singleton.ixx">
      <Filter>pattern</Filter>
    </ClCompile>
    <ClCompile Include="include\string.ixx">
      <Filter>string</Filter>
    </ClCompile>
    <ClCompile Include="include\random.ixx" />
    <ClCompile Include="include\datetime.ixx">
      <Filter>date</Filter>
    </ClCompile>
    <ClCompile Include="include\thread_group.ixx">
      <Filter>thread</Filter>
    </ClCompile>
    <ClCompile Include="include\thread_pool.ixx">
      <Filter>thread</Filter>
    </ClCompile>
    <ClCompile Include="include\double_queue.ixx">
      <Filter>queue</Filter>
    </ClCompile>
    <ClCompile Include="include\logger.ixx">
      <Filter>logger</Filter>
    </ClCompile>
    <ClCompile Include="include\lock.ixx" />
    <ClCompile Include="include\ring_buffer.ixx">
      <Filter>buffer</Filter>
    </ClCompile>
    <ClCompile Include="include\buffer.ixx">
      <Filter>buffer</Filter>
    </ClCompile>
    <ClCompile Include="include\redis_connector.ixx">
      <Filter>database</Filter>
    </ClCompile>
    <ClCompile Include="src\thread_group.cpp">
      <Filter>thread</Filter>
    </ClCompile>
    <ClCompile Include="src\thread_pool.cpp">
      <Filter>thread</Filter>
    </ClCompile>
    <ClCompile Include="src\util.cpp" />
    <ClCompile Include="src\string.cpp">
      <Filter>string</Filter>
    </ClCompile>
    <ClCompile Include="src\datetime.cpp">
      <Filter>date</Filter>
    </ClCompile>
    <ClCompile Include="src\ahocorasick.cpp">
      <Filter>algorithm</Filter>
    </ClCompile>
    <ClCompile Include="src\logger.cpp">
      <Filter>logger</Filter>
    </ClCompile>
    <ClCompile Include="src\redis_connector.cpp">
      <Filter>database</Filter>
    </ClCompile>
    <ClCompile Include="include\collider.ixx">
      <Filter>ecs\component\collider</Filter>
    </ClCompile>
    <ClCompile Include="src\vector3.cpp">
      <Filter>math</Filter>
    </ClCompile>
    <ClCompile Include="include\vector3.ixx">
      <Filter>math</Filter>
    </ClCompile>
    <ClCompile Include="src\rigid_body.cpp">
      <Filter>ecs\component\position</Filter>
    </ClCompile>
    <ClCompile Include="include\rigid_body.ixx">
      <Filter>ecs\component\position</Filter>
    </ClCompile>
    <ClCompile Include="src\transform.cpp">
      <Filter>ecs\component\position</Filter>
    </ClCompile>
    <ClCompile Include="include\transform.ixx">
      <Filter>ecs\component\position</Filter>
    </ClCompile>
    <ClCompile Include="include\geometry.ixx">
      <Filter>ecs\component\geometry</Filter>
    </ClCompile>
    <ClCompile Include="src\collider.cpp">
      <Filter>ecs\component\collider</Filter>
    </ClCompile>
    <ClCompile Include="include\strategy.ixx">
      <Filter>pattern</Filter>
    </ClCompile>
    <ClCompile Include="include\entity.ixx">
      <Filter>pattern</Filter>
    </ClCompile>
    <ClCompile Include="include\object_pool.ixx">
      <Filter>pattern</Filter>
    </ClCompile>
    <ClCompile Include="include\batch_processor.ixx" />
    <ClCompile Include="ecs.ixx">
      <Filter>ecs</Filter>
    </ClCompile>
    <ClCompile Include="include\component.ixx">
      <Filter>ecs\component</Filter>
    </ClCompile>
    <ClCompile Include="entity.ixx">
      <Filter>ecs\entity</Filter>
    </ClCompile>
    <ClCompile Include="system.ixx">
      <Filter>ecs\system</Filter>
    </ClCompile>
    <ClCompile Include="archtype.ixx">
      <Filter>ecs</Filter>
    </ClCompile>
  </ItemGroup>
  <ItemGroup>
    <Filter Include="algorithm">
      <UniqueIdentifier>{c9f54a1b-e439-4eb2-9f48-d9b4cfb37b3c}</UniqueIdentifier>
    </Filter>
    <Filter Include="pattern">
      <UniqueIdentifier>{1033f836-2bb6-4799-b09d-7d87dbe547b5}</UniqueIdentifier>
    </Filter>
    <Filter Include="string">
      <UniqueIdentifier>{1ff3c294-e2d6-4f6c-a9b9-8722333d5da9}</UniqueIdentifier>
    </Filter>
    <Filter Include="date">
      <UniqueIdentifier>{fc8b4586-65b2-479f-8459-d4c27d495b9f}</UniqueIdentifier>
    </Filter>
    <Filter Include="thread">
      <UniqueIdentifier>{d696e9e7-1b5d-4055-a86e-7c10c75369aa}</UniqueIdentifier>
    </Filter>
    <Filter Include="queue">
      <UniqueIdentifier>{460f42f1-ede7-4b2b-80f6-123eac0b2aa3}</UniqueIdentifier>
    </Filter>
    <Filter Include="string\json">
      <UniqueIdentifier>{fa30b812-99d9-4bdc-96ae-c072bcaeeb9c}</UniqueIdentifier>
    </Filter>
    <Filter Include="logger">
      <UniqueIdentifier>{3017f7e5-e09f-4b90-8cd2-cc3a90aa28da}</UniqueIdentifier>
    </Filter>
    <Filter Include="buffer">
      <UniqueIdentifier>{dee6a5d5-9cc8-42b9-8dd1-0de9407b4ab4}</UniqueIdentifier>
    </Filter>
    <Filter Include="database">
      <UniqueIdentifier>{b6c2398f-763a-4b54-bd41-bbd7851a45b1}</UniqueIdentifier>
    </Filter>
    <Filter Include="math">
      <UniqueIdentifier>{4dcfe49d-7ad6-4f99-a710-bc5f8bbc2a91}</UniqueIdentifier>
    </Filter>
    <Filter Include="ecs">
      <UniqueIdentifier>{a3edf3e3-ea94-4f70-baee-589b1385d741}</UniqueIdentifier>
    </Filter>
    <Filter Include="ecs\component">
      <UniqueIdentifier>{8b2b3df2-eccc-4f85-870a-51d0ad3ffb0d}</UniqueIdentifier>
    </Filter>
    <Filter Include="ecs\component\collider">
      <UniqueIdentifier>{947bc8f0-3608-4564-a333-de19fe41965b}</UniqueIdentifier>
    </Filter>
    <Filter Include="ecs\component\position">
      <UniqueIdentifier>{0612721d-a58c-4c95-b022-b408dcdeec03}</UniqueIdentifier>
    </Filter>
    <Filter Include="ecs\component\geometry">
      <UniqueIdentifier>{c1fb9e4f-6cce-4255-8228-f8b02f4f1011}</UniqueIdentifier>
    </Filter>
    <Filter Include="ecs\entity">
      <UniqueIdentifier>{9a02123b-a0c9-4685-9b17-990a8c0b2a6d}</UniqueIdentifier>
    </Filter>
    <Filter Include="ecs\system">
      <UniqueIdentifier>{d4a85f0e-bb5c-4c6f-bae2-aaf28bb566c4}</UniqueIdentifier>
    </Filter>
  </ItemGroup>
  <ItemGroup>
    <ClInclude Include="include\rapidjson.ixx">
      <Filter>string\json</Filter>
    </ClInclude>
  </ItemGroup>
</Project>