<?xml version="1.0" encoding="utf-8"?>
<Project ToolsVersion="4.0" xmlns="http://schemas.microsoft.com/developer/msbuild/2003">
  <ItemGroup>
    <Filter Include="리소스 파일">
      <UniqueIdentifier>{67DA6AB6-F800-4c08-8B7A-83BB121AAD01}</UniqueIdentifier>
      <Extensions>rc;ico;cur;bmp;dlg;rc2;rct;bin;rgs;gif;jpg;jpeg;jpe;resx;tiff;tif;png;wav;mfcribbon-ms</Extensions>
    </Filter>
    <Filter Include="network">
      <UniqueIdentifier>{71ea062d-dcda-4211-a836-36d9e7ba6617}</UniqueIdentifier>
    </Filter>
    <Filter Include="network\session">
      <UniqueIdentifier>{c3fa1d7e-4a27-4000-a9c4-74bbdffd1573}</UniqueIdentifier>
    </Filter>
    <Filter Include="network\acceptor">
      <UniqueIdentifier>{a6981374-6eef-49c0-91f1-d68135c7906a}</UniqueIdentifier>
    </Filter>
    <Filter Include="include">
      <UniqueIdentifier>{a2226cdc-8f3f-4f6d-a31b-eafb9da3742b}</UniqueIdentifier>
    </Filter>
  </ItemGroup>
  <ItemGroup>
    <ClCompile Include="server_global.cpp" />
    <ClCompile Include="setting_global.cpp" />
    <ClCompile Include="global.cpp" />
    <ClCompile Include="acceptor_world.cpp">
      <Filter>network\acceptor</Filter>
    </ClCompile>
    <ClCompile Include="session_world.cpp">
      <Filter>network\session</Filter>
    </ClCompile>
  </ItemGroup>
  <ItemGroup>
    <ClInclude Include="server_global.h" />
    <ClInclude Include="config_global.h" />
    <ClInclude Include="setting_global.h" />
    <ClInclude Include="global_header.h">
      <Filter>include</Filter>
    </ClInclude>
    <ClInclude Include="global_struct.h">
      <Filter>include</Filter>
    </ClInclude>
    <ClInclude Include="acceptor_world.h">
      <Filter>network\acceptor</Filter>
    </ClInclude>
    <ClInclude Include="session_world.h">
      <Filter>network\session</Filter>
    </ClInclude>
  </ItemGroup>
</Project>