<?xml version="1.0" encoding="utf-8"?>
<Project ToolsVersion="4.0" xmlns="http://schemas.microsoft.com/developer/msbuild/2003">
  <ItemGroup>
    <ClCompile Include="app.cpp" />
    <ClCompile Include="community.cpp">
      <Filter>content\community</Filter>
    </ClCompile>
  </ItemGroup>
  <ItemGroup>
    <Filter Include="common">
      <UniqueIdentifier>{818ca883-4bf0-4ad7-90ce-f4f6c2f41abc}</UniqueIdentifier>
    </Filter>
    <Filter Include="content">
      <UniqueIdentifier>{3a7c2e72-cae9-4494-bce2-a1880434c9b2}</UniqueIdentifier>
    </Filter>
    <Filter Include="content\community">
      <UniqueIdentifier>{39abf60b-a907-4afa-87b0-5dbc5ebf57ee}</UniqueIdentifier>
    </Filter>
    <Filter Include="content\community\detail">
      <UniqueIdentifier>{74abc948-e734-422c-b283-fa576c034eae}</UniqueIdentifier>
    </Filter>
  </ItemGroup>
  <ItemGroup>
    <ClInclude Include="community.h">
      <Filter>content\community</Filter>
    </ClInclude>
    <ClInclude Include="friend.h">
      <Filter>content\community\detail</Filter>
    </ClInclude>
    <ClInclude Include="party.h">
      <Filter>content\community\detail</Filter>
    </ClInclude>
    <ClInclude Include="guild.h">
      <Filter>content\community\detail</Filter>
    </ClInclude>
    <ClInclude Include="define.h">
      <Filter>common</Filter>
    </ClInclude>
    <ClInclude Include="pch.h" />
  </ItemGroup>
</Project>