<?xml version="1.0" encoding="utf-8"?>
<Project ToolsVersion="4.0" xmlns="http://schemas.microsoft.com/developer/msbuild/2003">
  <ItemGroup>
    <ClCompile Include="app.cpp" />
    <ClCompile Include="net_thread.cpp">
      <Filter>thread</Filter>
    </ClCompile>
    <ClCompile Include="job_thread.cpp">
      <Filter>thread</Filter>
    </ClCompile>
    <ClCompile Include="user_dispatcher.cpp">
      <Filter>user</Filter>
    </ClCompile>
    <ClCompile Include="user_server.cpp">
      <Filter>user</Filter>
    </ClCompile>
    <ClCompile Include="game_session.cpp">
      <Filter>network</Filter>
    </ClCompile>
    <ClCompile Include="user.cpp">
      <Filter>user</Filter>
    </ClCompile>
    <ClCompile Include="ai_controller.cpp">
      <Filter>content\ai</Filter>
    </ClCompile>
    <ClCompile Include="actor.cpp">
      <Filter>content\actor</Filter>
    </ClCompile>
    <ClCompile Include="terrain.cpp">
      <Filter>content\terrain</Filter>
    </ClCompile>
    <ClCompile Include="terrain_grid.cpp">
      <Filter>content\terrain</Filter>
    </ClCompile>
    <ClCompile Include="stat.cpp">
      <Filter>content\stat</Filter>
    </ClCompile>
    <ClCompile Include="actor_board.cpp">
      <Filter>content\actor</Filter>
    </ClCompile>
  </ItemGroup>
  <ItemGroup>
    <Filter Include="thread">
      <UniqueIdentifier>{163bc5ec-c87f-4d96-8515-89d593da50a5}</UniqueIdentifier>
    </Filter>
    <Filter Include="network">
      <UniqueIdentifier>{fe74fb9c-431d-437a-9185-96a03ec70a28}</UniqueIdentifier>
    </Filter>
    <Filter Include="common">
      <UniqueIdentifier>{d4d4016d-1e1f-49f9-a811-7c9858ca4f77}</UniqueIdentifier>
    </Filter>
    <Filter Include="user">
      <UniqueIdentifier>{d5d26b6a-b139-47d7-a8ad-9a9574e21c70}</UniqueIdentifier>
    </Filter>
    <Filter Include="content">
      <UniqueIdentifier>{bc413893-dcf4-4cf0-a6d2-8ea8e5d462ef}</UniqueIdentifier>
    </Filter>
    <Filter Include="content\instance">
      <UniqueIdentifier>{1a5c7a28-35b6-4b36-9db1-d8043d79fabf}</UniqueIdentifier>
    </Filter>
    <Filter Include="content\actor">
      <UniqueIdentifier>{e62a7e04-fca3-4ea1-a2bf-5f108912a2f6}</UniqueIdentifier>
    </Filter>
    <Filter Include="content\actor\detail">
      <UniqueIdentifier>{038d412d-d093-4071-91da-874ea6c2fe3c}</UniqueIdentifier>
    </Filter>
    <Filter Include="content\ai">
      <UniqueIdentifier>{1e3f9bb2-6e48-433e-8e34-5f9cb6f2fe7b}</UniqueIdentifier>
    </Filter>
    <Filter Include="content\stat">
      <UniqueIdentifier>{afbfc61c-7992-48a4-89f9-d107a1b52ea9}</UniqueIdentifier>
    </Filter>
    <Filter Include="content\terrain">
      <UniqueIdentifier>{f337e32c-42c9-4050-9794-bb278bb261ed}</UniqueIdentifier>
    </Filter>
    <Filter Include="content\aggro">
      <UniqueIdentifier>{ce961ba9-030c-4678-8a2a-7ad150000103}</UniqueIdentifier>
    </Filter>
    <Filter Include="content\terrain\navi_mesh">
      <UniqueIdentifier>{8aa5f6e5-fd3a-4c6e-9304-f1e53a8042aa}</UniqueIdentifier>
    </Filter>
    <Filter Include="content\event">
      <UniqueIdentifier>{f002daf5-a699-4dbd-a678-0fe555bfcf84}</UniqueIdentifier>
    </Filter>
    <Filter Include="content\inventory">
      <UniqueIdentifier>{d2efd7a6-827b-46f0-89e2-938ae1fc1b93}</UniqueIdentifier>
    </Filter>
    <Filter Include="content\item">
      <UniqueIdentifier>{7913d443-3a58-4cc9-94b6-d2e7fd7ae54b}</UniqueIdentifier>
    </Filter>
    <Filter Include="content\party">
      <UniqueIdentifier>{5a427693-eeca-47cd-817b-a3f2b0e2f339}</UniqueIdentifier>
    </Filter>
    <Filter Include="content\guild">
      <UniqueIdentifier>{06307409-12cf-4b5c-959a-6e4e5b319686}</UniqueIdentifier>
    </Filter>
  </ItemGroup>
  <ItemGroup>
    <ClInclude Include="net_thread.h">
      <Filter>thread</Filter>
    </ClInclude>
    <ClInclude Include="pch.h" />
    <ClInclude Include="job_thread.h">
      <Filter>thread</Filter>
    </ClInclude>
    <ClInclude Include="define.h">
      <Filter>common</Filter>
    </ClInclude>
    <ClInclude Include="user_dispatcher.h">
      <Filter>user</Filter>
    </ClInclude>
    <ClInclude Include="user.h">
      <Filter>user</Filter>
    </ClInclude>
    <ClInclude Include="user_server.h">
      <Filter>user</Filter>
    </ClInclude>
    <ClInclude Include="game_session.h">
      <Filter>network</Filter>
    </ClInclude>
    <ClInclude Include="actor.h">
      <Filter>content\actor</Filter>
    </ClInclude>
    <ClInclude Include="monster.h">
      <Filter>content\actor\detail</Filter>
    </ClInclude>
    <ClInclude Include="character.h">
      <Filter>content\actor\detail</Filter>
    </ClInclude>
    <ClInclude Include="gadget.h">
      <Filter>content\actor\detail</Filter>
    </ClInclude>
    <ClInclude Include="object.h">
      <Filter>content\actor\detail</Filter>
    </ClInclude>
    <ClInclude Include="instance.h">
      <Filter>content\instance</Filter>
    </ClInclude>
    <ClInclude Include="ai_controller.h">
      <Filter>content\ai</Filter>
    </ClInclude>
    <ClInclude Include="actor_board.h">
      <Filter>content\actor</Filter>
    </ClInclude>
    <ClInclude Include="stat.h">
      <Filter>content\stat</Filter>
    </ClInclude>
    <ClInclude Include="terrain.h">
      <Filter>content\terrain</Filter>
    </ClInclude>
    <ClInclude Include="terrain_grid.h">
      <Filter>content\terrain</Filter>
    </ClInclude>
  </ItemGroup>
</Project>