<?xml version="1.0" encoding="utf-8"?>
<Project ToolsVersion="4.0" xmlns="http://schemas.microsoft.com/developer/msbuild/2003">
  <ItemGroup>
    <ClCompile Include="app.cpp" />
    <ClCompile Include="net_thread.cpp">
      <Filter>thread</Filter>
    </ClCompile>
    <ClCompile Include="job_thread.cpp">
      <Filter>thread</Filter>
    </ClCompile>
    <ClCompile Include="user_dispatcher.cpp">
      <Filter>user</Filter>
    </ClCompile>
    <ClCompile Include="user_server.cpp">
      <Filter>user</Filter>
    </ClCompile>
    <ClCompile Include="game_session.cpp">
      <Filter>network</Filter>
    </ClCompile>
    <ClCompile Include="user.cpp">
      <Filter>user</Filter>
    </ClCompile>
  </ItemGroup>
  <ItemGroup>
    <Filter Include="thread">
      <UniqueIdentifier>{163bc5ec-c87f-4d96-8515-89d593da50a5}</UniqueIdentifier>
    </Filter>
    <Filter Include="network">
      <UniqueIdentifier>{fe74fb9c-431d-437a-9185-96a03ec70a28}</UniqueIdentifier>
    </Filter>
    <Filter Include="system">
      <UniqueIdentifier>{bc413893-dcf4-4cf0-a6d2-8ea8e5d462ef}</UniqueIdentifier>
    </Filter>
    <Filter Include="common">
      <UniqueIdentifier>{d4d4016d-1e1f-49f9-a811-7c9858ca4f77}</UniqueIdentifier>
    </Filter>
    <Filter Include="user">
      <UniqueIdentifier>{d5d26b6a-b139-47d7-a8ad-9a9574e21c70}</UniqueIdentifier>
    </Filter>
    <Filter Include="actor">
      <UniqueIdentifier>{e62a7e04-fca3-4ea1-a2bf-5f108912a2f6}</UniqueIdentifier>
    </Filter>
    <Filter Include="actor\detail">
      <UniqueIdentifier>{038d412d-d093-4071-91da-874ea6c2fe3c}</UniqueIdentifier>
    </Filter>
  </ItemGroup>
  <ItemGroup>
    <ClInclude Include="net_thread.h">
      <Filter>thread</Filter>
    </ClInclude>
    <ClInclude Include="pch.h" />
    <ClInclude Include="job_thread.h">
      <Filter>thread</Filter>
    </ClInclude>
    <ClInclude Include="define.h">
      <Filter>common</Filter>
    </ClInclude>
    <ClInclude Include="user_dispatcher.h">
      <Filter>user</Filter>
    </ClInclude>
    <ClInclude Include="user.h">
      <Filter>user</Filter>
    </ClInclude>
    <ClInclude Include="user_server.h">
      <Filter>user</Filter>
    </ClInclude>
    <ClInclude Include="game_session.h">
      <Filter>network</Filter>
    </ClInclude>
    <ClInclude Include="actor.h">
      <Filter>actor</Filter>
    </ClInclude>
    <ClInclude Include="monster.h">
      <Filter>actor\detail</Filter>
    </ClInclude>
    <ClInclude Include="character.h">
      <Filter>actor\detail</Filter>
    </ClInclude>
    <ClInclude Include="gadget.h">
      <Filter>actor\detail</Filter>
    </ClInclude>
    <ClInclude Include="object.h">
      <Filter>actor\detail</Filter>
    </ClInclude>
  </ItemGroup>
</Project>