
Microsoft Visual Studio Solution File, Format Version 12.00
# Visual Studio Version 17
VisualStudioVersion = 17.4.33205.214
MinimumVisualStudioVersion = 10.0.40219.1
Project("{8BC9CEB8-8B4A-11D0-8D11-00A0C91BC942}") = "GameServer", "GameServer\GameServer.vcxproj", "{40AFE39C-4FF0-4780-B9DD-AABAB0474601}"
	ProjectSection(ProjectDependencies) = postProject
		{7589475C-0CE8-4BF6-85D8-4A168C3BB67E} = {7589475C-0CE8-4BF6-85D8-4A168C3BB67E}
		{95D66432-E5A2-43A3-8A6D-052D4FD9FF43} = {95D66432-E5A2-43A3-8A6D-052D4FD9FF43}
	EndProjectSection
EndProject
Project("{8BC9CEB8-8B4A-11D0-8D11-00A0C91BC942}") = "Common", "Common\Common.vcxproj", "{7589475C-0CE8-4BF6-85D8-4A168C3BB67E}"
	ProjectSection(ProjectDependencies) = postProject
		{95D66432-E5A2-43A3-8A6D-052D4FD9FF43} = {95D66432-E5A2-43A3-8A6D-052D4FD9FF43}
	EndProjectSection
EndProject
Project("{8BC9CEB8-8B4A-11D0-8D11-00A0C91BC942}") = "Core", "Core\Core.vcxproj", "{95D66432-E5A2-43A3-8A6D-052D4FD9FF43}"
EndProject
Project("{8BC9CEB8-8B4A-11D0-8D11-00A0C91BC942}") = "WorldServer", "WorldServer\WorldServer.vcxproj", "{B1839A4E-A5B9-4722-8029-B3F99A78703F}"
	ProjectSection(ProjectDependencies) = postProject
		{7589475C-0CE8-4BF6-85D8-4A168C3BB67E} = {7589475C-0CE8-4BF6-85D8-4A168C3BB67E}
		{95D66432-E5A2-43A3-8A6D-052D4FD9FF43} = {95D66432-E5A2-43A3-8A6D-052D4FD9FF43}
	EndProjectSection
EndProject
Project("{8BC9CEB8-8B4A-11D0-8D11-00A0C91BC942}") = "DBAgentServer", "DBAgentServer\DBAgentServer.vcxproj", "{C1C7E95C-AA1A-4AC3-BDD3-39DDDA9AE3EA}"
	ProjectSection(ProjectDependencies) = postProject
		{7589475C-0CE8-4BF6-85D8-4A168C3BB67E} = {7589475C-0CE8-4BF6-85D8-4A168C3BB67E}
		{95D66432-E5A2-43A3-8A6D-052D4FD9FF43} = {95D66432-E5A2-43A3-8A6D-052D4FD9FF43}
	EndProjectSection
EndProject
Project("{8BC9CEB8-8B4A-11D0-8D11-00A0C91BC942}") = "GlobalServer", "GlobalServer\GlobalServer.vcxproj", "{499A7A2A-484F-483E-B2C6-D12F39AFCD28}"
EndProject
Project("{8BC9CEB8-8B4A-11D0-8D11-00A0C91BC942}") = "CommunityServer", "CommunityServer\CommunityServer.vcxproj", "{4C2E3116-F364-41FC-8D85-DBAEB33F152B}"
EndProject
Project("{8BC9CEB8-8B4A-11D0-8D11-00A0C91BC942}") = "InstancePool", "InstancePool\InstancePool.vcxproj", "{EA34D86D-A47D-4439-AE0C-A3B5FFC6B8C3}"
EndProject
Project("{FAE04EC0-301F-11D3-BF4B-00C04F79EFBC}") = "ProxyServer", "ProxyServer\ProxyServer.csproj", "{F7928067-2F2C-4D61-B36B-D77C9452CBA9}"
EndProject
Global
	GlobalSection(SolutionConfigurationPlatforms) = preSolution
		Debug|Any CPU = Debug|Any CPU
		Debug|x64 = Debug|x64
		Debug|x86 = Debug|x86
		Release|Any CPU = Release|Any CPU
		Release|x64 = Release|x64
		Release|x86 = Release|x86
	EndGlobalSection
	GlobalSection(ProjectConfigurationPlatforms) = postSolution
		{40AFE39C-4FF0-4780-B9DD-AABAB0474601}.Debug|Any CPU.ActiveCfg = Debug|x64
		{40AFE39C-4FF0-4780-B9DD-AABAB0474601}.Debug|Any CPU.Build.0 = Debug|x64
		{40AFE39C-4FF0-4780-B9DD-AABAB0474601}.Debug|x64.ActiveCfg = Debug|x64
		{40AFE39C-4FF0-4780-B9DD-AABAB0474601}.Debug|x64.Build.0 = Debug|x64
		{40AFE39C-4FF0-4780-B9DD-AABAB0474601}.Debug|x86.ActiveCfg = Debug|x64
		{40AFE39C-4FF0-4780-B9DD-AABAB0474601}.Debug|x86.Build.0 = Debug|x64
		{40AFE39C-4FF0-4780-B9DD-AABAB0474601}.Release|Any CPU.ActiveCfg = Release|x64
		{40AFE39C-4FF0-4780-B9DD-AABAB0474601}.Release|Any CPU.Build.0 = Release|x64
		{40AFE39C-4FF0-4780-B9DD-AABAB0474601}.Release|x64.ActiveCfg = Release|x64
		{40AFE39C-4FF0-4780-B9DD-AABAB0474601}.Release|x64.Build.0 = Release|x64
		{40AFE39C-4FF0-4780-B9DD-AABAB0474601}.Release|x86.ActiveCfg = Release|x64
		{40AFE39C-4FF0-4780-B9DD-AABAB0474601}.Release|x86.Build.0 = Release|x64
		{7589475C-0CE8-4BF6-85D8-4A168C3BB67E}.Debug|Any CPU.ActiveCfg = Debug|x64
		{7589475C-0CE8-4BF6-85D8-4A168C3BB67E}.Debug|Any CPU.Build.0 = Debug|x64
		{7589475C-0CE8-4BF6-85D8-4A168C3BB67E}.Debug|x64.ActiveCfg = Debug|x64
		{7589475C-0CE8-4BF6-85D8-4A168C3BB67E}.Debug|x64.Build.0 = Debug|x64
		{7589475C-0CE8-4BF6-85D8-4A168C3BB67E}.Debug|x86.ActiveCfg = Debug|x64
		{7589475C-0CE8-4BF6-85D8-4A168C3BB67E}.Debug|x86.Build.0 = Debug|x64
		{7589475C-0CE8-4BF6-85D8-4A168C3BB67E}.Release|Any CPU.ActiveCfg = Release|x64
		{7589475C-0CE8-4BF6-85D8-4A168C3BB67E}.Release|Any CPU.Build.0 = Release|x64
		{7589475C-0CE8-4BF6-85D8-4A168C3BB67E}.Release|x64.ActiveCfg = Release|x64
		{7589475C-0CE8-4BF6-85D8-4A168C3BB67E}.Release|x64.Build.0 = Release|x64
		{7589475C-0CE8-4BF6-85D8-4A168C3BB67E}.Release|x86.ActiveCfg = Release|x64
		{7589475C-0CE8-4BF6-85D8-4A168C3BB67E}.Release|x86.Build.0 = Release|x64
		{95D66432-E5A2-43A3-8A6D-052D4FD9FF43}.Debug|Any CPU.ActiveCfg = Debug|x64
		{95D66432-E5A2-43A3-8A6D-052D4FD9FF43}.Debug|Any CPU.Build.0 = Debug|x64
		{95D66432-E5A2-43A3-8A6D-052D4FD9FF43}.Debug|x64.ActiveCfg = Debug|x64
		{95D66432-E5A2-43A3-8A6D-052D4FD9FF43}.Debug|x64.Build.0 = Debug|x64
		{95D66432-E5A2-43A3-8A6D-052D4FD9FF43}.Debug|x86.ActiveCfg = Debug|x64
		{95D66432-E5A2-43A3-8A6D-052D4FD9FF43}.Debug|x86.Build.0 = Debug|x64
		{95D66432-E5A2-43A3-8A6D-052D4FD9FF43}.Release|Any CPU.ActiveCfg = Release|x64
		{95D66432-E5A2-43A3-8A6D-052D4FD9FF43}.Release|Any CPU.Build.0 = Release|x64
		{95D66432-E5A2-43A3-8A6D-052D4FD9FF43}.Release|x64.ActiveCfg = Release|x64
		{95D66432-E5A2-43A3-8A6D-052D4FD9FF43}.Release|x64.Build.0 = Release|x64
		{95D66432-E5A2-43A3-8A6D-052D4FD9FF43}.Release|x86.ActiveCfg = Release|x64
		{95D66432-E5A2-43A3-8A6D-052D4FD9FF43}.Release|x86.Build.0 = Release|x64
		{B1839A4E-A5B9-4722-8029-B3F99A78703F}.Debug|Any CPU.ActiveCfg = Debug|x64
		{B1839A4E-A5B9-4722-8029-B3F99A78703F}.Debug|Any CPU.Build.0 = Debug|x64
		{B1839A4E-A5B9-4722-8029-B3F99A78703F}.Debug|x64.ActiveCfg = Debug|x64
		{B1839A4E-A5B9-4722-8029-B3F99A78703F}.Debug|x64.Build.0 = Debug|x64
		{B1839A4E-A5B9-4722-8029-B3F99A78703F}.Debug|x86.ActiveCfg = Debug|x64
		{B1839A4E-A5B9-4722-8029-B3F99A78703F}.Debug|x86.Build.0 = Debug|x64
		{B1839A4E-A5B9-4722-8029-B3F99A78703F}.Release|Any CPU.ActiveCfg = Release|x64
		{B1839A4E-A5B9-4722-8029-B3F99A78703F}.Release|Any CPU.Build.0 = Release|x64
		{B1839A4E-A5B9-4722-8029-B3F99A78703F}.Release|x64.ActiveCfg = Release|x64
		{B1839A4E-A5B9-4722-8029-B3F99A78703F}.Release|x64.Build.0 = Release|x64
		{B1839A4E-A5B9-4722-8029-B3F99A78703F}.Release|x86.ActiveCfg = Release|x64
		{B1839A4E-A5B9-4722-8029-B3F99A78703F}.Release|x86.Build.0 = Release|x64
		{C1C7E95C-AA1A-4AC3-BDD3-39DDDA9AE3EA}.Debug|Any CPU.ActiveCfg = Debug|x64
		{C1C7E95C-AA1A-4AC3-BDD3-39DDDA9AE3EA}.Debug|Any CPU.Build.0 = Debug|x64
		{C1C7E95C-AA1A-4AC3-BDD3-39DDDA9AE3EA}.Debug|x64.ActiveCfg = Debug|x64
		{C1C7E95C-AA1A-4AC3-BDD3-39DDDA9AE3EA}.Debug|x64.Build.0 = Debug|x64
		{C1C7E95C-AA1A-4AC3-BDD3-39DDDA9AE3EA}.Debug|x86.ActiveCfg = Debug|x64
		{C1C7E95C-AA1A-4AC3-BDD3-39DDDA9AE3EA}.Debug|x86.Build.0 = Debug|x64
		{C1C7E95C-AA1A-4AC3-BDD3-39DDDA9AE3EA}.Release|Any CPU.ActiveCfg = Release|x64
		{C1C7E95C-AA1A-4AC3-BDD3-39DDDA9AE3EA}.Release|Any CPU.Build.0 = Release|x64
		{C1C7E95C-AA1A-4AC3-BDD3-39DDDA9AE3EA}.Release|x64.ActiveCfg = Release|x64
		{C1C7E95C-AA1A-4AC3-BDD3-39DDDA9AE3EA}.Release|x64.Build.0 = Release|x64
		{C1C7E95C-AA1A-4AC3-BDD3-39DDDA9AE3EA}.Release|x86.ActiveCfg = Release|x64
		{C1C7E95C-AA1A-4AC3-BDD3-39DDDA9AE3EA}.Release|x86.Build.0 = Release|x64
		{499A7A2A-484F-483E-B2C6-D12F39AFCD28}.Debug|Any CPU.ActiveCfg = Debug|x64
		{499A7A2A-484F-483E-B2C6-D12F39AFCD28}.Debug|Any CPU.Build.0 = Debug|x64
		{499A7A2A-484F-483E-B2C6-D12F39AFCD28}.Debug|x64.ActiveCfg = Debug|x64
		{499A7A2A-484F-483E-B2C6-D12F39AFCD28}.Debug|x64.Build.0 = Debug|x64
		{499A7A2A-484F-483E-B2C6-D12F39AFCD28}.Debug|x86.ActiveCfg = Debug|Win32
		{499A7A2A-484F-483E-B2C6-D12F39AFCD28}.Debug|x86.Build.0 = Debug|Win32
		{499A7A2A-484F-483E-B2C6-D12F39AFCD28}.Release|Any CPU.ActiveCfg = Release|x64
		{499A7A2A-484F-483E-B2C6-D12F39AFCD28}.Release|Any CPU.Build.0 = Release|x64
		{499A7A2A-484F-483E-B2C6-D12F39AFCD28}.Release|x64.ActiveCfg = Release|x64
		{499A7A2A-484F-483E-B2C6-D12F39AFCD28}.Release|x64.Build.0 = Release|x64
		{499A7A2A-484F-483E-B2C6-D12F39AFCD28}.Release|x86.ActiveCfg = Release|Win32
		{499A7A2A-484F-483E-B2C6-D12F39AFCD28}.Release|x86.Build.0 = Release|Win32
		{4C2E3116-F364-41FC-8D85-DBAEB33F152B}.Debug|Any CPU.ActiveCfg = Debug|x64
		{4C2E3116-F364-41FC-8D85-DBAEB33F152B}.Debug|Any CPU.Build.0 = Debug|x64
		{4C2E3116-F364-41FC-8D85-DBAEB33F152B}.Debug|x64.ActiveCfg = Debug|x64
		{4C2E3116-F364-41FC-8D85-DBAEB33F152B}.Debug|x64.Build.0 = Debug|x64
		{4C2E3116-F364-41FC-8D85-DBAEB33F152B}.Debug|x86.ActiveCfg = Debug|Win32
		{4C2E3116-F364-41FC-8D85-DBAEB33F152B}.Debug|x86.Build.0 = Debug|Win32
		{4C2E3116-F364-41FC-8D85-DBAEB33F152B}.Release|Any CPU.ActiveCfg = Release|x64
		{4C2E3116-F364-41FC-8D85-DBAEB33F152B}.Release|Any CPU.Build.0 = Release|x64
		{4C2E3116-F364-41FC-8D85-DBAEB33F152B}.Release|x64.ActiveCfg = Release|x64
		{4C2E3116-F364-41FC-8D85-DBAEB33F152B}.Release|x64.Build.0 = Release|x64
		{4C2E3116-F364-41FC-8D85-DBAEB33F152B}.Release|x86.ActiveCfg = Release|Win32
		{4C2E3116-F364-41FC-8D85-DBAEB33F152B}.Release|x86.Build.0 = Release|Win32
		{EA34D86D-A47D-4439-AE0C-A3B5FFC6B8C3}.Debug|Any CPU.ActiveCfg = Debug|x64
		{EA34D86D-A47D-4439-AE0C-A3B5FFC6B8C3}.Debug|Any CPU.Build.0 = Debug|x64
		{EA34D86D-A47D-4439-AE0C-A3B5FFC6B8C3}.Debug|x64.ActiveCfg = Debug|x64
		{EA34D86D-A47D-4439-AE0C-A3B5FFC6B8C3}.Debug|x64.Build.0 = Debug|x64
		{EA34D86D-A47D-4439-AE0C-A3B5FFC6B8C3}.Debug|x86.ActiveCfg = Debug|Win32
		{EA34D86D-A47D-4439-AE0C-A3B5FFC6B8C3}.Debug|x86.Build.0 = Debug|Win32
		{EA34D86D-A47D-4439-AE0C-A3B5FFC6B8C3}.Release|Any CPU.ActiveCfg = Release|x64
		{EA34D86D-A47D-4439-AE0C-A3B5FFC6B8C3}.Release|Any CPU.Build.0 = Release|x64
		{EA34D86D-A47D-4439-AE0C-A3B5FFC6B8C3}.Release|x64.ActiveCfg = Release|x64
		{EA34D86D-A47D-4439-AE0C-A3B5FFC6B8C3}.Release|x64.Build.0 = Release|x64
		{EA34D86D-A47D-4439-AE0C-A3B5FFC6B8C3}.Release|x86.ActiveCfg = Release|Win32
		{EA34D86D-A47D-4439-AE0C-A3B5FFC6B8C3}.Release|x86.Build.0 = Release|Win32
		{F7928067-2F2C-4D61-B36B-D77C9452CBA9}.Debug|Any CPU.ActiveCfg = Debug|Any CPU
		{F7928067-2F2C-4D61-B36B-D77C9452CBA9}.Debug|Any CPU.Build.0 = Debug|Any CPU
		{F7928067-2F2C-4D61-B36B-D77C9452CBA9}.Debug|x64.ActiveCfg = Debug|Any CPU
		{F7928067-2F2C-4D61-B36B-D77C9452CBA9}.Debug|x64.Build.0 = Debug|Any CPU
		{F7928067-2F2C-4D61-B36B-D77C9452CBA9}.Debug|x86.ActiveCfg = Debug|Any CPU
		{F7928067-2F2C-4D61-B36B-D77C9452CBA9}.Debug|x86.Build.0 = Debug|Any CPU
		{F7928067-2F2C-4D61-B36B-D77C9452CBA9}.Release|Any CPU.ActiveCfg = Release|Any CPU
		{F7928067-2F2C-4D61-B36B-D77C9452CBA9}.Release|Any CPU.Build.0 = Release|Any CPU
		{F7928067-2F2C-4D61-B36B-D77C9452CBA9}.Release|x64.ActiveCfg = Release|Any CPU
		{F7928067-2F2C-4D61-B36B-D77C9452CBA9}.Release|x64.Build.0 = Release|Any CPU
		{F7928067-2F2C-4D61-B36B-D77C9452CBA9}.Release|x86.ActiveCfg = Release|Any CPU
		{F7928067-2F2C-4D61-B36B-D77C9452CBA9}.Release|x86.Build.0 = Release|Any CPU
	EndGlobalSection
	GlobalSection(SolutionProperties) = preSolution
		HideSolutionNode = FALSE
	EndGlobalSection
	GlobalSection(ExtensibilityGlobals) = postSolution
		SolutionGuid = {9ECB3C71-41FC-48AC-A3AA-2E26D022E275}
	EndGlobalSection
	GlobalSection(SubversionScc) = preSolution
		Svn-Managed = True
		Manager = AnkhSVN - Subversion Support for Visual Studio
	EndGlobalSection
EndGlobal
