<?xml version="1.0" encoding="utf-8"?>
<Project ToolsVersion="4.0" xmlns="http://schemas.microsoft.com/developer/msbuild/2003">
  <ItemGroup>
    <ClCompile Include="pch.cpp" />
    <ClCompile Include="gameserver.cpp" />
    <ClCompile Include="actor_character.cpp">
      <Filter>actor\detail</Filter>
    </ClCompile>
    <ClCompile Include="terrain.cpp">
      <Filter>system\terrain</Filter>
    </ClCompile>
    <ClCompile Include="data_manager.cpp">
      <Filter>table</Filter>
    </ClCompile>
    <ClCompile Include="actor_monster.cpp">
      <Filter>actor\detail</Filter>
    </ClCompile>
    <ClCompile Include="actor_manager.cpp">
      <Filter>actor</Filter>
    </ClCompile>
    <ClCompile Include="actor_npc.cpp">
      <Filter>actor\detail</Filter>
    </ClCompile>
    <ClCompile Include="actor_gadget.cpp">
      <Filter>actor\detail</Filter>
    </ClCompile>
    <ClCompile Include="setting_game.cpp" />
    <ClCompile Include="user.cpp">
      <Filter>user</Filter>
    </ClCompile>
    <ClCompile Include="connector_community.cpp">
      <Filter>network\connector</Filter>
    </ClCompile>
    <ClCompile Include="connector_dbagent.cpp">
      <Filter>network\connector</Filter>
    </ClCompile>
    <ClCompile Include="connector_world.cpp">
      <Filter>network\connector</Filter>
    </ClCompile>
    <ClCompile Include="proc_world.cpp">
      <Filter>proc</Filter>
    </ClCompile>
    <ClCompile Include="inventory_user.cpp">
      <Filter>system\inventory</Filter>
    </ClCompile>
    <ClCompile Include="proc_user.cpp">
      <Filter>proc</Filter>
    </ClCompile>
    <ClCompile Include="item_object_equip.cpp">
      <Filter>system\item\object</Filter>
    </ClCompile>
    <ClCompile Include="item_object_stack.cpp">
      <Filter>system\item\object</Filter>
    </ClCompile>
    <ClCompile Include="DetourAlloc.cpp">
      <Filter>system\terrain\detour</Filter>
    </ClCompile>
    <ClCompile Include="DetourAssert.cpp">
      <Filter>system\terrain\detour</Filter>
    </ClCompile>
    <ClCompile Include="DetourCommon.cpp">
      <Filter>system\terrain\detour</Filter>
    </ClCompile>
    <ClCompile Include="DetourNavMesh.cpp">
      <Filter>system\terrain\detour</Filter>
    </ClCompile>
    <ClCompile Include="DetourNavMeshBuilder.cpp">
      <Filter>system\terrain\detour</Filter>
    </ClCompile>
    <ClCompile Include="DetourNavMeshQuery.cpp">
      <Filter>system\terrain\detour</Filter>
    </ClCompile>
    <ClCompile Include="DetourNode.cpp">
      <Filter>system\terrain\detour</Filter>
    </ClCompile>
    <ClCompile Include="ai_base.cpp">
      <Filter>ai</Filter>
    </ClCompile>
    <ClCompile Include="actor_ai.cpp">
      <Filter>actor</Filter>
    </ClCompile>
    <ClCompile Include="actor.cpp">
      <Filter>actor</Filter>
    </ClCompile>
    <ClCompile Include="aggro_list.cpp">
      <Filter>system</Filter>
    </ClCompile>
    <ClCompile Include="ai_aggressive.cpp">
      <Filter>ai\detail</Filter>
    </ClCompile>
    <ClCompile Include="ai_non_aggressive.cpp">
      <Filter>ai\detail</Filter>
    </ClCompile>
    <ClCompile Include="terrain_grid.cpp">
      <Filter>system\terrain\grid</Filter>
    </ClCompile>
    <ClCompile Include="terrain_grid_manager.cpp">
      <Filter>system\terrain\grid</Filter>
    </ClCompile>
    <ClCompile Include="actor_pet.cpp">
      <Filter>actor\detail</Filter>
    </ClCompile>
    <ClCompile Include="terrain_manager.cpp">
      <Filter>system\terrain</Filter>
    </ClCompile>
    <ClCompile Include="monster_generator.cpp">
      <Filter>system\terrain</Filter>
    </ClCompile>
    <ClCompile Include="send_func.cpp">
      <Filter>func</Filter>
    </ClCompile>
    <ClCompile Include="session_community.cpp">
      <Filter>session</Filter>
    </ClCompile>
    <ClCompile Include="session_dbagent.cpp">
      <Filter>session</Filter>
    </ClCompile>
    <ClCompile Include="session_user.cpp">
      <Filter>session</Filter>
    </ClCompile>
    <ClCompile Include="session_world.cpp">
      <Filter>session</Filter>
    </ClCompile>
    <ClCompile Include="server_game.cpp">
      <Filter>server</Filter>
    </ClCompile>
    <ClCompile Include="acceptor_user.cpp">
      <Filter>network</Filter>
    </ClCompile>
  </ItemGroup>
  <ItemGroup>
    <ClInclude Include="pch.h" />
    <ClInclude Include="game_header.h">
      <Filter>include</Filter>
    </ClInclude>
    <ClInclude Include="config_game.h" />
    <ClInclude Include="actor.h">
      <Filter>actor</Filter>
    </ClInclude>
    <ClInclude Include="data_manager.h">
      <Filter>table</Filter>
    </ClInclude>
    <ClInclude Include="actor_gadget.h">
      <Filter>actor\detail</Filter>
    </ClInclude>
    <ClInclude Include="actor_character.h">
      <Filter>actor\detail</Filter>
    </ClInclude>
    <ClInclude Include="actor_monster.h">
      <Filter>actor\detail</Filter>
    </ClInclude>
    <ClInclude Include="actor_npc.h">
      <Filter>actor\detail</Filter>
    </ClInclude>
    <ClInclude Include="terrain.h">
      <Filter>system\terrain</Filter>
    </ClInclude>
    <ClInclude Include="actor_manager.h">
      <Filter>actor</Filter>
    </ClInclude>
    <ClInclude Include="setting_game.h" />
    <ClInclude Include="user_manager.h">
      <Filter>user</Filter>
    </ClInclude>
    <ClInclude Include="user.h">
      <Filter>user</Filter>
    </ClInclude>
    <ClInclude Include="connector_community.h">
      <Filter>network\connector</Filter>
    </ClInclude>
    <ClInclude Include="connector_dbagent.h">
      <Filter>network\connector</Filter>
    </ClInclude>
    <ClInclude Include="connector_world.h">
      <Filter>network\connector</Filter>
    </ClInclude>
    <ClInclude Include="inventory_user.h">
      <Filter>system\inventory</Filter>
    </ClInclude>
    <ClInclude Include="inventory_equip.h">
      <Filter>system\inventory</Filter>
    </ClInclude>
    <ClInclude Include="inventory_premium.h">
      <Filter>system\inventory</Filter>
    </ClInclude>
    <ClInclude Include="function.h">
      <Filter>function</Filter>
    </ClInclude>
    <ClInclude Include="item_object_stack.h">
      <Filter>system\item\object</Filter>
    </ClInclude>
    <ClInclude Include="item_object_equip.h">
      <Filter>system\item\object</Filter>
    </ClInclude>
    <ClInclude Include="DetourAlloc.h">
      <Filter>system\terrain\detour</Filter>
    </ClInclude>
    <ClInclude Include="DetourAssert.h">
      <Filter>system\terrain\detour</Filter>
    </ClInclude>
    <ClInclude Include="DetourCommon.h">
      <Filter>system\terrain\detour</Filter>
    </ClInclude>
    <ClInclude Include="DetourMath.h">
      <Filter>system\terrain\detour</Filter>
    </ClInclude>
    <ClInclude Include="DetourNavMesh.h">
      <Filter>system\terrain\detour</Filter>
    </ClInclude>
    <ClInclude Include="DetourNavMeshBuilder.h">
      <Filter>system\terrain\detour</Filter>
    </ClInclude>
    <ClInclude Include="DetourNavMeshQuery.h">
      <Filter>system\terrain\detour</Filter>
    </ClInclude>
    <ClInclude Include="DetourNode.h">
      <Filter>system\terrain\detour</Filter>
    </ClInclude>
    <ClInclude Include="DetourStatus.h">
      <Filter>system\terrain\detour</Filter>
    </ClInclude>
    <ClInclude Include="ai_base.h">
      <Filter>ai</Filter>
    </ClInclude>
    <ClInclude Include="actor_ai.h">
      <Filter>actor</Filter>
    </ClInclude>
    <ClInclude Include="aggro_list.h">
      <Filter>system</Filter>
    </ClInclude>
    <ClInclude Include="game_type.h">
      <Filter>include</Filter>
    </ClInclude>
    <ClInclude Include="ai_aggressive.h">
      <Filter>ai\detail</Filter>
    </ClInclude>
    <ClInclude Include="ai_non_aggressive.h">
      <Filter>ai\detail</Filter>
    </ClInclude>
    <ClInclude Include="ai_boss.h">
      <Filter>ai\detail</Filter>
    </ClInclude>
    <ClInclude Include="terrain_grid_manager.h">
      <Filter>system\terrain\grid</Filter>
    </ClInclude>
    <ClInclude Include="terrain_grid.h">
      <Filter>system\terrain\grid</Filter>
    </ClInclude>
    <ClInclude Include="game_enum.h">
      <Filter>include</Filter>
    </ClInclude>
    <ClInclude Include="actor_pet.h">
      <Filter>actor\detail</Filter>
    </ClInclude>
    <ClInclude Include="detour.h">
      <Filter>system\terrain\detour</Filter>
    </ClInclude>
    <ClInclude Include="terrain_manager.h">
      <Filter>system\terrain</Filter>
    </ClInclude>
    <ClInclude Include="game_struct.h">
      <Filter>include</Filter>
    </ClInclude>
    <ClInclude Include="monster_generator.h">
      <Filter>system\terrain</Filter>
    </ClInclude>
    <ClInclude Include="send_func.h">
      <Filter>func</Filter>
    </ClInclude>
    <ClInclude Include="server_game.h">
      <Filter>server</Filter>
    </ClInclude>
    <ClInclude Include="session_community.h">
      <Filter>session</Filter>
    </ClInclude>
    <ClInclude Include="session_dbagent.h">
      <Filter>session</Filter>
    </ClInclude>
    <ClInclude Include="session_user.h">
      <Filter>session</Filter>
    </ClInclude>
    <ClInclude Include="session_world.h">
      <Filter>session</Filter>
    </ClInclude>
    <ClInclude Include="session_manager_user.h">
      <Filter>session</Filter>
    </ClInclude>
    <ClInclude Include="pool.h" />
    <ClInclude Include="acceptor_user.h">
      <Filter>network</Filter>
    </ClInclude>
  </ItemGroup>
  <ItemGroup>
    <Filter Include="include">
      <UniqueIdentifier>{3fabf4ee-704e-469c-9fd9-a1a4cd2d7a48}</UniqueIdentifier>
    </Filter>
    <Filter Include="actor">
      <UniqueIdentifier>{93a2d064-2783-4f15-b366-b805d63d0327}</UniqueIdentifier>
    </Filter>
    <Filter Include="actor\detail">
      <UniqueIdentifier>{368bf74e-324e-4e93-bad3-22a2f05ff196}</UniqueIdentifier>
    </Filter>
    <Filter Include="system">
      <UniqueIdentifier>{3113fdd0-335b-4803-841c-7515460ed753}</UniqueIdentifier>
    </Filter>
    <Filter Include="system\item">
      <UniqueIdentifier>{c80ca8d9-1f88-402b-ab3b-0e9bdcc4c673}</UniqueIdentifier>
    </Filter>
    <Filter Include="system\inventory">
      <UniqueIdentifier>{9f416f24-19cf-4022-aa9b-3429f755b9cc}</UniqueIdentifier>
    </Filter>
    <Filter Include="system\terrain">
      <UniqueIdentifier>{011292e2-f810-49d1-8135-14313d7cf4df}</UniqueIdentifier>
    </Filter>
    <Filter Include="system\quest">
      <UniqueIdentifier>{cb6a9120-0ee6-4fb6-b682-79585d97ffd7}</UniqueIdentifier>
    </Filter>
    <Filter Include="network">
      <UniqueIdentifier>{9a9e79a9-d5dc-43d3-8def-7e40db955c74}</UniqueIdentifier>
    </Filter>
    <Filter Include="network\connector">
      <UniqueIdentifier>{c11779a4-0fd3-4bc2-9d97-3653071bf128}</UniqueIdentifier>
    </Filter>
    <Filter Include="user">
      <UniqueIdentifier>{e46e772a-1350-4259-b9f6-858b476f9107}</UniqueIdentifier>
    </Filter>
    <Filter Include="proc">
      <UniqueIdentifier>{e20b168b-6c51-4d4e-ac0d-b563d8b1d34d}</UniqueIdentifier>
    </Filter>
    <Filter Include="function">
      <UniqueIdentifier>{85bc49b6-a4d4-4ad8-b720-51d82436d2c3}</UniqueIdentifier>
    </Filter>
    <Filter Include="system\item\object">
      <UniqueIdentifier>{c47e153c-14c9-4c4f-9212-e3c065ac7081}</UniqueIdentifier>
    </Filter>
    <Filter Include="system\terrain\detour">
      <UniqueIdentifier>{35f0808f-81a7-459c-b986-ea90e148e316}</UniqueIdentifier>
    </Filter>
    <Filter Include="ai">
      <UniqueIdentifier>{1cd1184a-0e1e-44c3-b8eb-2946b283b808}</UniqueIdentifier>
    </Filter>
    <Filter Include="ai\detail">
      <UniqueIdentifier>{444ed2b0-e276-476d-a8d9-927f6575169d}</UniqueIdentifier>
    </Filter>
    <Filter Include="system\terrain\grid">
      <UniqueIdentifier>{a5c31c99-6c5e-4205-b63e-f1747dd0b244}</UniqueIdentifier>
    </Filter>
    <Filter Include="system\friend">
      <UniqueIdentifier>{7a1eee0c-a369-4049-8781-819589a7acb3}</UniqueIdentifier>
    </Filter>
    <Filter Include="system\aggro">
      <UniqueIdentifier>{34585e8d-45c2-40bf-8f11-94f3ed2a7494}</UniqueIdentifier>
    </Filter>
    <Filter Include="system\skill">
      <UniqueIdentifier>{f72cbf04-3835-43d9-bc3f-b0cbb99267c7}</UniqueIdentifier>
    </Filter>
    <Filter Include="system\buff">
      <UniqueIdentifier>{36bbaa50-5a2d-4399-94ef-a34de288f29b}</UniqueIdentifier>
    </Filter>
    <Filter Include="func">
      <UniqueIdentifier>{c19ced4e-5d92-48d1-93ea-a3850ac1bc58}</UniqueIdentifier>
    </Filter>
    <Filter Include="server">
      <UniqueIdentifier>{73417ec6-5fc3-46ef-9d59-56a01780a701}</UniqueIdentifier>
    </Filter>
    <Filter Include="session">
      <UniqueIdentifier>{062d3d12-e8c1-4a64-b62c-acc3310eb23d}</UniqueIdentifier>
    </Filter>
    <Filter Include="table">
      <UniqueIdentifier>{40724948-95ec-44b1-93a8-f8291b9db643}</UniqueIdentifier>
    </Filter>
  </ItemGroup>
</Project>